
Microsoft Visual Studio Solution File, Format Version 12.00
# Visual Studio Version 17
VisualStudioVersion = 17.4.33213.308
MinimumVisualStudioVersion = 10.0.40219.1
Project("{FAE04EC0-301F-11D3-BF4B-00C04F79EFBC}") = "ExamenU2_ML", "ExamenU2_ML.csproj", "{F3A4AC10-E8FE-4DC1-99B7-B08DC360B94A}"
EndProject
Global
	GlobalSection(SolutionConfigurationPlatforms) = preSolution
		Debug|Any CPU = Debug|Any CPU
		Release|Any CPU = Release|Any CPU
	EndGlobalSection
	GlobalSection(ProjectConfigurationPlatforms) = postSolution
		{F3A4AC10-E8FE-4DC1-99B7-B08DC360B94A}.Debug|Any CPU.ActiveCfg = Debug|Any CPU
		{F3A4AC10-E8FE-4DC1-99B7-B08DC360B94A}.Debug|Any CPU.Build.0 = Debug|Any CPU
		{F3A4AC10-E8FE-4DC1-99B7-B08DC360B94A}.Release|Any CPU.ActiveCfg = Release|Any CPU
		{F3A4AC10-E8FE-4DC1-99B7-B08DC360B94A}.Release|Any CPU.Build.0 = Release|Any CPU
	EndGlobalSection
	GlobalSection(SolutionProperties) = preSolution
		HideSolutionNode = FALSE
	EndGlobalSection
	GlobalSection(ExtensibilityGlobals) = postSolution
		SolutionGuid = {1A91520E-D93B-4D0E-8FA5-817CF377D872}
	EndGlobalSection
EndGlobal
